
Microsoft Visual Studio Solution File, Format Version 12.00
# Visual Studio Version 17
VisualStudioVersion = 17.9.34616.47
MinimumVisualStudioVersion = 10.0.40219.1
Project("{FAE04EC0-301F-11D3-BF4B-00C04F79EFBC}") = "Decisions", "Decisions.csproj", "{A3470EFD-A8F2-4536-9A0A-21F84E189EBE}"
EndProject
Global
	GlobalSection(SolutionConfigurationPlatforms) = preSolution
		Debug|Any CPU = Debug|Any CPU
		Release|Any CPU = Release|Any CPU
	EndGlobalSection
	GlobalSection(ProjectConfigurationPlatforms) = postSolution
		{A3470EFD-A8F2-4536-9A0A-21F84E189EBE}.Debug|Any CPU.ActiveCfg = Debug|Any CPU
		{A3470EFD-A8F2-4536-9A0A-21F84E189EBE}.Debug|Any CPU.Build.0 = Debug|Any CPU
		{A3470EFD-A8F2-4536-9A0A-21F84E189EBE}.Release|Any CPU.ActiveCfg = Release|Any CPU
		{A3470EFD-A8F2-4536-9A0A-21F84E189EBE}.Release|Any CPU.Build.0 = Release|Any CPU
	EndGlobalSection
	GlobalSection(SolutionProperties) = preSolution
		HideSolutionNode = FALSE
	EndGlobalSection
	GlobalSection(ExtensibilityGlobals) = postSolution
		SolutionGuid = {CE94BF3B-1BD6-45B0-99C0-AC5BDD90265C}
	EndGlobalSection
EndGlobal
